
Microsoft Visual Studio Solution File, Format Version 12.00
# Visual Studio Version 16
VisualStudioVersion = 16.0.29709.97
MinimumVisualStudioVersion = 10.0.40219.1
Project("{FAE04EC0-301F-11D3-BF4B-00C04F79EFBC}") = "DataGrid", "DataGrid\DataGrid.csproj", "{C9193BD2-5AED-42CC-BF00-C4978449E983}"
EndProject
Global
	GlobalSection(SolutionConfigurationPlatforms) = preSolution
		Debug|Any CPU = Debug|Any CPU
		Release|Any CPU = Release|Any CPU
	EndGlobalSection
	GlobalSection(ProjectConfigurationPlatforms) = postSolution
		{C9193BD2-5AED-42CC-BF00-C4978449E983}.Debug|Any CPU.ActiveCfg = Debug|Any CPU
		{C9193BD2-5AED-42CC-BF00-C4978449E983}.Debug|Any CPU.Build.0 = Debug|Any CPU
		{C9193BD2-5AED-42CC-BF00-C4978449E983}.Release|Any CPU.ActiveCfg = Release|Any CPU
		{C9193BD2-5AED-42CC-BF00-C4978449E983}.Release|Any CPU.Build.0 = Release|Any CPU
	EndGlobalSection
	GlobalSection(SolutionProperties) = preSolution
		HideSolutionNode = FALSE
	EndGlobalSection
	GlobalSection(ExtensibilityGlobals) = postSolution
		SolutionGuid = {CF7557DA-06A6-49A6-B8F6-460FEAC734E1}
	EndGlobalSection
EndGlobal
